// !$*UTF8*$!
{
	archiveVersion = 1;
	classes = {
	};
	objectVersion = 50;
	objects = {

/* Begin PBXBuildFile section */
		67AD810620A62EBF005E563F /* AppDelegate.swift in Sources */ = {isa = PBXBuildFile; fileRef = 67AD810520A62EBF005E563F /* AppDelegate.swift */; };
		67AD810820A62EBF005E563F /* ViewController.swift in Sources */ = {isa = PBXBuildFile; fileRef = 67AD810720A62EBF005E563F /* ViewController.swift */; };
		67AD810B20A62EBF005E563F /* Main.storyboard in Resources */ = {isa = PBXBuildFile; fileRef = 67AD810920A62EBF005E563F /* Main.storyboard */; };
		67AD810D20A62EC1005E563F /* Assets.xcassets in Resources */ = {isa = PBXBuildFile; fileRef = 67AD810C20A62EC1005E563F /* Assets.xcassets */; };
		67AD811020A62EC1005E563F /* LaunchScreen.storyboard in Resources */ = {isa = PBXBuildFile; fileRef = 67AD810E20A62EC1005E563F /* LaunchScreen.storyboard */; };
		67AD811B20A62EC1005E563F /* MLKIGTTests.swift in Sources */ = {isa = PBXBuildFile; fileRef = 67AD811A20A62EC1005E563F /* MLKIGTTests.swift */; };
		67AD812820A62F20005E563F /* AppState.swift in Sources */ = {isa = PBXBuildFile; fileRef = 67AD812720A62F20005E563F /* AppState.swift */; };
		67AD812A20A630A0005E563F /* ReSwift.framework in Frameworks */ = {isa = PBXBuildFile; fileRef = 67AD812920A630A0005E563F /* ReSwift.framework */; };
		67AD813020A631C0005E563F /* NavigationState.swift in Sources */ = {isa = PBXBuildFile; fileRef = 67AD812F20A631C0005E563F /* NavigationState.swift */; };
		67AD813220A631D0005E563F /* NavigationStateReducer.swift in Sources */ = {isa = PBXBuildFile; fileRef = 67AD813120A631D0005E563F /* NavigationStateReducer.swift */; };
		67AD813520A63200005E563F /* NavigationStateTests.swift in Sources */ = {isa = PBXBuildFile; fileRef = 67AD813420A63200005E563F /* NavigationStateTests.swift */; };
		67AD813720A63560005E563F /* AppStateReducer.swift in Sources */ = {isa = PBXBuildFile; fileRef = 67AD813620A63560005E563F /* AppStateReducer.swift */; };
		67AD813920A63594005E563F /* NavigationActions.swift in Sources */ = {isa = PBXBuildFile; fileRef = 67AD813820A63594005E563F /* NavigationActions.swift */; };
/* End PBXBuildFile section */

/* Begin PBXContainerItemProxy section */
		67AD811720A62EC1005E563F /* PBXContainerItemProxy */ = {
			isa = PBXContainerItemProxy;
			containerPortal = 67AD80FA20A62EBF005E563F /* Project object */;
			proxyType = 1;
			remoteGlobalIDString = 67AD810120A62EBF005E563F;
			remoteInfo = MLKIGT;
		};
/* End PBXContainerItemProxy section */

/* Begin PBXFileReference section */
		67AD810220A62EBF005E563F /* MLKIGT.app */ = {isa = PBXFileReference; explicitFileType = wrapper.application; includeInIndex = 0; path = MLKIGT.app; sourceTree = BUILT_PRODUCTS_DIR; };
		67AD810520A62EBF005E563F /* AppDelegate.swift */ = {isa = PBXFileReference; lastKnownFileType = sourcecode.swift; path = AppDelegate.swift; sourceTree = "<group>"; };
		67AD810720A62EBF005E563F /* ViewController.swift */ = {isa = PBXFileReference; lastKnownFileType = sourcecode.swift; path = ViewController.swift; sourceTree = "<group>"; };
		67AD810A20A62EBF005E563F /* Base */ = {isa = PBXFileReference; lastKnownFileType = file.storyboard; name = Base; path = Base.lproj/Main.storyboard; sourceTree = "<group>"; };
		67AD810C20A62EC1005E563F /* Assets.xcassets */ = {isa = PBXFileReference; lastKnownFileType = folder.assetcatalog; path = Assets.xcassets; sourceTree = "<group>"; };
		67AD810F20A62EC1005E563F /* Base */ = {isa = PBXFileReference; lastKnownFileType = file.storyboard; name = Base; path = Base.lproj/LaunchScreen.storyboard; sourceTree = "<group>"; };
		67AD811120A62EC1005E563F /* Info.plist */ = {isa = PBXFileReference; lastKnownFileType = text.plist.xml; path = Info.plist; sourceTree = "<group>"; };
		67AD811620A62EC1005E563F /* MLKIGTTests.xctest */ = {isa = PBXFileReference; explicitFileType = wrapper.cfbundle; includeInIndex = 0; path = MLKIGTTests.xctest; sourceTree = BUILT_PRODUCTS_DIR; };
		67AD811A20A62EC1005E563F /* MLKIGTTests.swift */ = {isa = PBXFileReference; lastKnownFileType = sourcecode.swift; path = MLKIGTTests.swift; sourceTree = "<group>"; };
		67AD811C20A62EC1005E563F /* Info.plist */ = {isa = PBXFileReference; lastKnownFileType = text.plist.xml; path = Info.plist; sourceTree = "<group>"; };
		67AD812520A62EDC005E563F /* cartfile */ = {isa = PBXFileReference; lastKnownFileType = text; path = cartfile; sourceTree = "<group>"; };
		67AD812720A62F20005E563F /* AppState.swift */ = {isa = PBXFileReference; lastKnownFileType = sourcecode.swift; path = AppState.swift; sourceTree = "<group>"; };
		67AD812920A630A0005E563F /* ReSwift.framework */ = {isa = PBXFileReference; lastKnownFileType = wrapper.framework; name = ReSwift.framework; path = Carthage/Build/iOS/ReSwift.framework; sourceTree = "<group>"; };
		67AD812F20A631C0005E563F /* NavigationState.swift */ = {isa = PBXFileReference; lastKnownFileType = sourcecode.swift; path = NavigationState.swift; sourceTree = "<group>"; };
		67AD813120A631D0005E563F /* NavigationStateReducer.swift */ = {isa = PBXFileReference; lastKnownFileType = sourcecode.swift; path = NavigationStateReducer.swift; sourceTree = "<group>"; };
		67AD813420A63200005E563F /* NavigationStateTests.swift */ = {isa = PBXFileReference; lastKnownFileType = sourcecode.swift; path = NavigationStateTests.swift; sourceTree = "<group>"; };
		67AD813620A63560005E563F /* AppStateReducer.swift */ = {isa = PBXFileReference; lastKnownFileType = sourcecode.swift; path = AppStateReducer.swift; sourceTree = "<group>"; };
		67AD813820A63594005E563F /* NavigationActions.swift */ = {isa = PBXFileReference; lastKnownFileType = sourcecode.swift; path = NavigationActions.swift; sourceTree = "<group>"; };
/* End PBXFileReference section */

/* Begin PBXFrameworksBuildPhase section */
		67AD80FF20A62EBF005E563F /* Frameworks */ = {
			isa = PBXFrameworksBuildPhase;
			buildActionMask = 2147483647;
			files = (
				67AD812A20A630A0005E563F /* ReSwift.framework in Frameworks */,
			);
			runOnlyForDeploymentPostprocessing = 0;
		};
		67AD811320A62EC1005E563F /* Frameworks */ = {
			isa = PBXFrameworksBuildPhase;
			buildActionMask = 2147483647;
			files = (
			);
			runOnlyForDeploymentPostprocessing = 0;
		};
/* End PBXFrameworksBuildPhase section */

/* Begin PBXGroup section */
		67AD80F920A62EBF005E563F = {
			isa = PBXGroup;
			children = (
				67AD812520A62EDC005E563F /* cartfile */,
				67AD812920A630A0005E563F /* ReSwift.framework */,
				67AD810420A62EBF005E563F /* MLKIGT */,
				67AD811920A62EC1005E563F /* MLKIGTTests */,
				67AD810320A62EBF005E563F /* Products */,
			);
			sourceTree = "<group>";
		};
		67AD810320A62EBF005E563F /* Products */ = {
			isa = PBXGroup;
			children = (
				67AD810220A62EBF005E563F /* MLKIGT.app */,
				67AD811620A62EC1005E563F /* MLKIGTTests.xctest */,
			);
			name = Products;
			sourceTree = "<group>";
		};
		67AD810420A62EBF005E563F /* MLKIGT */ = {
			isa = PBXGroup;
			children = (
				67AD812D20A6315D005E563F /* AppState */,
				67AD810520A62EBF005E563F /* AppDelegate.swift */,
				67AD810720A62EBF005E563F /* ViewController.swift */,
				67AD810920A62EBF005E563F /* Main.storyboard */,
				67AD810C20A62EC1005E563F /* Assets.xcassets */,
				67AD810E20A62EC1005E563F /* LaunchScreen.storyboard */,
				67AD811120A62EC1005E563F /* Info.plist */,
			);
			path = MLKIGT;
			sourceTree = "<group>";
		};
		67AD811920A62EC1005E563F /* MLKIGTTests */ = {
			isa = PBXGroup;
			children = (
				67AD813320A631EC005E563F /* AppState */,
				67AD811A20A62EC1005E563F /* MLKIGTTests.swift */,
				67AD811C20A62EC1005E563F /* Info.plist */,
			);
			path = MLKIGTTests;
			sourceTree = "<group>";
		};
		67AD812D20A6315D005E563F /* AppState */ = {
			isa = PBXGroup;
			children = (
				67AD812E20A631AB005E563F /* Navigation */,
				67AD812720A62F20005E563F /* AppState.swift */,
				67AD813620A63560005E563F /* AppStateReducer.swift */,
			);
			path = AppState;
			sourceTree = "<group>";
		};
		67AD812E20A631AB005E563F /* Navigation */ = {
			isa = PBXGroup;
			children = (
				67AD812F20A631C0005E563F /* NavigationState.swift */,
				67AD813820A63594005E563F /* NavigationActions.swift */,
				67AD813120A631D0005E563F /* NavigationStateReducer.swift */,
			);
			path = Navigation;
			sourceTree = "<group>";
		};
		67AD813320A631EC005E563F /* AppState */ = {
			isa = PBXGroup;
			children = (
				67AD813420A63200005E563F /* NavigationStateTests.swift */,
			);
			path = AppState;
			sourceTree = "<group>";
		};
/* End PBXGroup section */

/* Begin PBXNativeTarget section */
		67AD810120A62EBF005E563F /* MLKIGT */ = {
			isa = PBXNativeTarget;
			buildConfigurationList = 67AD811F20A62EC1005E563F /* Build configuration list for PBXNativeTarget "MLKIGT" */;
			buildPhases = (
				67AD80FE20A62EBF005E563F /* Sources */,
				67AD80FF20A62EBF005E563F /* Frameworks */,
				67AD810020A62EBF005E563F /* Resources */,
				67AD812B20A630C7005E563F /* Carthage */,
				67AD813A20A639B4005E563F /* ShellScript */,
			);
			buildRules = (
			);
			dependencies = (
			);
			name = MLKIGT;
			productName = MLKIGT;
			productReference = 67AD810220A62EBF005E563F /* MLKIGT.app */;
			productType = "com.apple.product-type.application";
		};
		67AD811520A62EC1005E563F /* MLKIGTTests */ = {
			isa = PBXNativeTarget;
			buildConfigurationList = 67AD812220A62EC1005E563F /* Build configuration list for PBXNativeTarget "MLKIGTTests" */;
			buildPhases = (
				67AD811220A62EC1005E563F /* Sources */,
				67AD811320A62EC1005E563F /* Frameworks */,
				67AD811420A62EC1005E563F /* Resources */,
			);
			buildRules = (
			);
			dependencies = (
				67AD811820A62EC1005E563F /* PBXTargetDependency */,
			);
			name = MLKIGTTests;
			productName = MLKIGTTests;
			productReference = 67AD811620A62EC1005E563F /* MLKIGTTests.xctest */;
			productType = "com.apple.product-type.bundle.unit-test";
		};
/* End PBXNativeTarget section */

/* Begin PBXProject section */
		67AD80FA20A62EBF005E563F /* Project object */ = {
			isa = PBXProject;
			attributes = {
				LastSwiftUpdateCheck = 0930;
				LastUpgradeCheck = 0930;
				ORGANIZATIONNAME = "Cap Tech";
				TargetAttributes = {
					67AD810120A62EBF005E563F = {
						CreatedOnToolsVersion = 9.3;
					};
					67AD811520A62EC1005E563F = {
						CreatedOnToolsVersion = 9.3;
						TestTargetID = 67AD810120A62EBF005E563F;
					};
				};
			};
			buildConfigurationList = 67AD80FD20A62EBF005E563F /* Build configuration list for PBXProject "MLKIGT" */;
			compatibilityVersion = "Xcode 9.3";
			developmentRegion = en;
			hasScannedForEncodings = 0;
			knownRegions = (
				en,
				Base,
			);
			mainGroup = 67AD80F920A62EBF005E563F;
			productRefGroup = 67AD810320A62EBF005E563F /* Products */;
			projectDirPath = "";
			projectRoot = "";
			targets = (
				67AD810120A62EBF005E563F /* MLKIGT */,
				67AD811520A62EC1005E563F /* MLKIGTTests */,
			);
		};
/* End PBXProject section */

/* Begin PBXResourcesBuildPhase section */
		67AD810020A62EBF005E563F /* Resources */ = {
			isa = PBXResourcesBuildPhase;
			buildActionMask = 2147483647;
			files = (
				67AD811020A62EC1005E563F /* LaunchScreen.storyboard in Resources */,
				67AD810D20A62EC1005E563F /* Assets.xcassets in Resources */,
				67AD810B20A62EBF005E563F /* Main.storyboard in Resources */,
			);
			runOnlyForDeploymentPostprocessing = 0;
		};
		67AD811420A62EC1005E563F /* Resources */ = {
			isa = PBXResourcesBuildPhase;
			buildActionMask = 2147483647;
			files = (
			);
			runOnlyForDeploymentPostprocessing = 0;
		};
/* End PBXResourcesBuildPhase section */

/* Begin PBXShellScriptBuildPhase section */
		67AD812B20A630C7005E563F /* Carthage */ = {
			isa = PBXShellScriptBuildPhase;
			buildActionMask = 2147483647;
			files = (
			);
			inputPaths = (
				"$(SRCROOT)/Carthage/Build/iOS/ReSwift.framework",
			);
			name = Carthage;
			outputPaths = (
				"$(BUILT_PRODUCTS_DIR)/$(FRAMEWORKS_FOLDER_PATH)/ReSwift.framework",
			);
			runOnlyForDeploymentPostprocessing = 0;
			shellPath = /bin/sh;
			shellScript = "/usr/local/bin/carthage copy-frameworks";
		};
		67AD813A20A639B4005E563F /* ShellScript */ = {
			isa = PBXShellScriptBuildPhase;
			buildActionMask = 2147483647;
			files = (
			);
			inputPaths = (
			);
			outputPaths = (
			);
			runOnlyForDeploymentPostprocessing = 0;
			shellPath = /bin/sh;
			shellScript = "/usr/local/bin/swiftformat \"$(SRCROOT)\"";
		};
/* End PBXShellScriptBuildPhase section */

/* Begin PBXSourcesBuildPhase section */
		67AD80FE20A62EBF005E563F /* Sources */ = {
			isa = PBXSourcesBuildPhase;
			buildActionMask = 2147483647;
			files = (
				67AD813720A63560005E563F /* AppStateReducer.swift in Sources */,
				67AD812820A62F20005E563F /* AppState.swift in Sources */,
				67AD813020A631C0005E563F /* NavigationState.swift in Sources */,
				67AD810820A62EBF005E563F /* ViewController.swift in Sources */,
				67AD813220A631D0005E563F /* NavigationStateReducer.swift in Sources */,
				67AD813920A63594005E563F /* NavigationActions.swift in Sources */,
				67AD810620A62EBF005E563F /* AppDelegate.swift in Sources */,
			);
			runOnlyForDeploymentPostprocessing = 0;
		};
		67AD811220A62EC1005E563F /* Sources */ = {
			isa = PBXSourcesBuildPhase;
			buildActionMask = 2147483647;
			files = (
				67AD811B20A62EC1005E563F /* MLKIGTTests.swift in Sources */,
				67AD813520A63200005E563F /* NavigationStateTests.swift in Sources */,
			);
			runOnlyForDeploymentPostprocessing = 0;
		};
/* End PBXSourcesBuildPhase section */

/* Begin PBXTargetDependency section */
		67AD811820A62EC1005E563F /* PBXTargetDependency */ = {
			isa = PBXTargetDependency;
			target = 67AD810120A62EBF005E563F /* MLKIGT */;
			targetProxy = 67AD811720A62EC1005E563F /* PBXContainerItemProxy */;
		};
/* End PBXTargetDependency section */

/* Begin PBXVariantGroup section */
		67AD810920A62EBF005E563F /* Main.storyboard */ = {
			isa = PBXVariantGroup;
			children = (
				67AD810A20A62EBF005E563F /* Base */,
			);
			name = Main.storyboard;
			sourceTree = "<group>";
		};
		67AD810E20A62EC1005E563F /* LaunchScreen.storyboard */ = {
			isa = PBXVariantGroup;
			children = (
				67AD810F20A62EC1005E563F /* Base */,
			);
			name = LaunchScreen.storyboard;
			sourceTree = "<group>";
		};
/* End PBXVariantGroup section */

/* Begin XCBuildConfiguration section */
		67AD811D20A62EC1005E563F /* Debug */ = {
			isa = XCBuildConfiguration;
			buildSettings = {
				ALWAYS_SEARCH_USER_PATHS = NO;
				CLANG_ANALYZER_NONNULL = YES;
				CLANG_ANALYZER_NUMBER_OBJECT_CONVERSION = YES_AGGRESSIVE;
				CLANG_CXX_LANGUAGE_STANDARD = "gnu++14";
				CLANG_CXX_LIBRARY = "libc++";
				CLANG_ENABLE_MODULES = YES;
				CLANG_ENABLE_OBJC_ARC = YES;
				CLANG_ENABLE_OBJC_WEAK = YES;
				CLANG_WARN_BLOCK_CAPTURE_AUTORELEASING = YES;
				CLANG_WARN_BOOL_CONVERSION = YES;
				CLANG_WARN_COMMA = YES;
				CLANG_WARN_CONSTANT_CONVERSION = YES;
				CLANG_WARN_DEPRECATED_OBJC_IMPLEMENTATIONS = YES;
				CLANG_WARN_DIRECT_OBJC_ISA_USAGE = YES_ERROR;
				CLANG_WARN_DOCUMENTATION_COMMENTS = YES;
				CLANG_WARN_EMPTY_BODY = YES;
				CLANG_WARN_ENUM_CONVERSION = YES;
				CLANG_WARN_INFINITE_RECURSION = YES;
				CLANG_WARN_INT_CONVERSION = YES;
				CLANG_WARN_NON_LITERAL_NULL_CONVERSION = YES;
				CLANG_WARN_OBJC_IMPLICIT_RETAIN_SELF = YES;
				CLANG_WARN_OBJC_LITERAL_CONVERSION = YES;
				CLANG_WARN_OBJC_ROOT_CLASS = YES_ERROR;
				CLANG_WARN_RANGE_LOOP_ANALYSIS = YES;
				CLANG_WARN_STRICT_PROTOTYPES = YES;
				CLANG_WARN_SUSPICIOUS_MOVE = YES;
				CLANG_WARN_UNGUARDED_AVAILABILITY = YES_AGGRESSIVE;
				CLANG_WARN_UNREACHABLE_CODE = YES;
				CLANG_WARN__DUPLICATE_METHOD_MATCH = YES;
				CODE_SIGN_IDENTITY = "iPhone Developer";
				COPY_PHASE_STRIP = NO;
				DEBUG_INFORMATION_FORMAT = dwarf;
				ENABLE_STRICT_OBJC_MSGSEND = YES;
				ENABLE_TESTABILITY = YES;
				GCC_C_LANGUAGE_STANDARD = gnu11;
				GCC_DYNAMIC_NO_PIC = NO;
				GCC_NO_COMMON_BLOCKS = YES;
				GCC_OPTIMIZATION_LEVEL = 0;
				GCC_PREPROCESSOR_DEFINITIONS = (
					"DEBUG=1",
					"$(inherited)",
				);
				GCC_WARN_64_TO_32_BIT_CONVERSION = YES;
				GCC_WARN_ABOUT_RETURN_TYPE = YES_ERROR;
				GCC_WARN_UNDECLARED_SELECTOR = YES;
				GCC_WARN_UNINITIALIZED_AUTOS = YES_AGGRESSIVE;
				GCC_WARN_UNUSED_FUNCTION = YES;
				GCC_WARN_UNUSED_VARIABLE = YES;
				IPHONEOS_DEPLOYMENT_TARGET = 11.3;
				MTL_ENABLE_DEBUG_INFO = YES;
				ONLY_ACTIVE_ARCH = YES;
				SDKROOT = iphoneos;
				SWIFT_ACTIVE_COMPILATION_CONDITIONS = DEBUG;
				SWIFT_OPTIMIZATION_LEVEL = "-Onone";
			};
			name = Debug;
		};
		67AD811E20A62EC1005E563F /* Release */ = {
			isa = XCBuildConfiguration;
			buildSettings = {
				ALWAYS_SEARCH_USER_PATHS = NO;
				CLANG_ANALYZER_NONNULL = YES;
				CLANG_ANALYZER_NUMBER_OBJECT_CONVERSION = YES_AGGRESSIVE;
				CLANG_CXX_LANGUAGE_STANDARD = "gnu++14";
				CLANG_CXX_LIBRARY = "libc++";
				CLANG_ENABLE_MODULES = YES;
				CLANG_ENABLE_OBJC_ARC = YES;
				CLANG_ENABLE_OBJC_WEAK = YES;
				CLANG_WARN_BLOCK_CAPTURE_AUTORELEASING = YES;
				CLANG_WARN_BOOL_CONVERSION = YES;
				CLANG_WARN_COMMA = YES;
				CLANG_WARN_CONSTANT_CONVERSION = YES;
				CLANG_WARN_DEPRECATED_OBJC_IMPLEMENTATIONS = YES;
				CLANG_WARN_DIRECT_OBJC_ISA_USAGE = YES_ERROR;
				CLANG_WARN_DOCUMENTATION_COMMENTS = YES;
				CLANG_WARN_EMPTY_BODY = YES;
				CLANG_WARN_ENUM_CONVERSION = YES;
				CLANG_WARN_INFINITE_RECURSION = YES;
				CLANG_WARN_INT_CONVERSION = YES;
				CLANG_WARN_NON_LITERAL_NULL_CONVERSION = YES;
				CLANG_WARN_OBJC_IMPLICIT_RETAIN_SELF = YES;
				CLANG_WARN_OBJC_LITERAL_CONVERSION = YES;
				CLANG_WARN_OBJC_ROOT_CLASS = YES_ERROR;
				CLANG_WARN_RANGE_LOOP_ANALYSIS = YES;
				CLANG_WARN_STRICT_PROTOTYPES = YES;
				CLANG_WARN_SUSPICIOUS_MOVE = YES;
				CLANG_WARN_UNGUARDED_AVAILABILITY = YES_AGGRESSIVE;
				CLANG_WARN_UNREACHABLE_CODE = YES;
				CLANG_WARN__DUPLICATE_METHOD_MATCH = YES;
				CODE_SIGN_IDENTITY = "iPhone Developer";
				COPY_PHASE_STRIP = NO;
				DEBUG_INFORMATION_FORMAT = "dwarf-with-dsym";
				ENABLE_NS_ASSERTIONS = NO;
				ENABLE_STRICT_OBJC_MSGSEND = YES;
				GCC_C_LANGUAGE_STANDARD = gnu11;
				GCC_NO_COMMON_BLOCKS = YES;
				GCC_WARN_64_TO_32_BIT_CONVERSION = YES;
				GCC_WARN_ABOUT_RETURN_TYPE = YES_ERROR;
				GCC_WARN_UNDECLARED_SELECTOR = YES;
				GCC_WARN_UNINITIALIZED_AUTOS = YES_AGGRESSIVE;
				GCC_WARN_UNUSED_FUNCTION = YES;
				GCC_WARN_UNUSED_VARIABLE = YES;
				IPHONEOS_DEPLOYMENT_TARGET = 11.3;
				MTL_ENABLE_DEBUG_INFO = NO;
				SDKROOT = iphoneos;
				SWIFT_COMPILATION_MODE = wholemodule;
				SWIFT_OPTIMIZATION_LEVEL = "-O";
				VALIDATE_PRODUCT = YES;
			};
			name = Release;
		};
		67AD812020A62EC1005E563F /* Debug */ = {
			isa = XCBuildConfiguration;
			buildSettings = {
				ASSETCATALOG_COMPILER_APPICON_NAME = AppIcon;
				CODE_SIGN_STYLE = Automatic;
				DEVELOPMENT_TEAM = 3Q4M6DQ9WM;
				FRAMEWORK_SEARCH_PATHS = (
					"$(inherited)",
					"$(PROJECT_DIR)/Carthage/Build/iOS",
				);
				INFOPLIST_FILE = MLKIGT/Info.plist;
				LD_RUNPATH_SEARCH_PATHS = (
					"$(inherited)",
					"@executable_path/Frameworks",
				);
				PRODUCT_BUNDLE_IDENTIFIER = "-Q4M6DQ9WM.com.captech.broski.MLKIGT";
				PRODUCT_NAME = "$(TARGET_NAME)";
				SWIFT_VERSION = 4.0;
				TARGETED_DEVICE_FAMILY = "1,2";
			};
			name = Debug;
		};
		67AD812120A62EC1005E563F /* Release */ = {
			isa = XCBuildConfiguration;
			buildSettings = {
				ASSETCATALOG_COMPILER_APPICON_NAME = AppIcon;
				CODE_SIGN_STYLE = Automatic;
				DEVELOPMENT_TEAM = 3Q4M6DQ9WM;
				FRAMEWORK_SEARCH_PATHS = (
					"$(inherited)",
					"$(PROJECT_DIR)/Carthage/Build/iOS",
				);
				INFOPLIST_FILE = MLKIGT/Info.plist;
				LD_RUNPATH_SEARCH_PATHS = (
					"$(inherited)",
					"@executable_path/Frameworks",
				);
				PRODUCT_BUNDLE_IDENTIFIER = "-Q4M6DQ9WM.com.captech.broski.MLKIGT";
				PRODUCT_NAME = "$(TARGET_NAME)";
				SWIFT_VERSION = 4.0;
				TARGETED_DEVICE_FAMILY = "1,2";
			};
			name = Release;
		};
		67AD812320A62EC1005E563F /* Debug */ = {
			isa = XCBuildConfiguration;
			buildSettings = {
				ALWAYS_EMBED_SWIFT_STANDARD_LIBRARIES = YES;
				BUNDLE_LOADER = "$(TEST_HOST)";
				CODE_SIGN_STYLE = Automatic;
				DEVELOPMENT_TEAM = 3Q4M6DQ9WM;
				INFOPLIST_FILE = MLKIGTTests/Info.plist;
				LD_RUNPATH_SEARCH_PATHS = (
					"$(inherited)",
					"@executable_path/Frameworks",
					"@loader_path/Frameworks",
				);
				PRODUCT_BUNDLE_IDENTIFIER = "-Q4M6DQ9WM.com.captech.broski.MLKIGTTests";
				PRODUCT_NAME = "$(TARGET_NAME)";
				SWIFT_VERSION = 4.0;
				TARGETED_DEVICE_FAMILY = "1,2";
				TEST_HOST = "$(BUILT_PRODUCTS_DIR)/MLKIGT.app/MLKIGT";
			};
			name = Debug;
		};
		67AD812420A62EC1005E563F /* Release */ = {
			isa = XCBuildConfiguration;
			buildSettings = {
				ALWAYS_EMBED_SWIFT_STANDARD_LIBRARIES = YES;
				BUNDLE_LOADER = "$(TEST_HOST)";
				CODE_SIGN_STYLE = Automatic;
				DEVELOPMENT_TEAM = 3Q4M6DQ9WM;
				INFOPLIST_FILE = MLKIGTTests/Info.plist;
				LD_RUNPATH_SEARCH_PATHS = (
					"$(inherited)",
					"@executable_path/Frameworks",
					"@loader_path/Frameworks",
				);
				PRODUCT_BUNDLE_IDENTIFIER = "-Q4M6DQ9WM.com.captech.broski.MLKIGTTests";
				PRODUCT_NAME = "$(TARGET_NAME)";
				SWIFT_VERSION = 4.0;
				TARGETED_DEVICE_FAMILY = "1,2";
				TEST_HOST = "$(BUILT_PRODUCTS_DIR)/MLKIGT.app/MLKIGT";
			};
			name = Release;
		};
/* End XCBuildConfiguration section */

/* Begin XCConfigurationList section */
		67AD80FD20A62EBF005E563F /* Build configuration list for PBXProject "MLKIGT" */ = {
			isa = XCConfigurationList;
			buildConfigurations = (
				67AD811D20A62EC1005E563F /* Debug */,
				67AD811E20A62EC1005E563F /* Release */,
			);
			defaultConfigurationIsVisible = 0;
			defaultConfigurationName = Release;
		};
		67AD811F20A62EC1005E563F /* Build configuration list for PBXNativeTarget "MLKIGT" */ = {
			isa = XCConfigurationList;
			buildConfigurations = (
				67AD812020A62EC1005E563F /* Debug */,
				67AD812120A62EC1005E563F /* Release */,
			);
			defaultConfigurationIsVisible = 0;
			defaultConfigurationName = Release;
		};
		67AD812220A62EC1005E563F /* Build configuration list for PBXNativeTarget "MLKIGTTests" */ = {
			isa = XCConfigurationList;
			buildConfigurations = (
				67AD812320A62EC1005E563F /* Debug */,
				67AD812420A62EC1005E563F /* Release */,
			);
			defaultConfigurationIsVisible = 0;
			defaultConfigurationName = Release;
		};
/* End XCConfigurationList section */
	};
	rootObject = 67AD80FA20A62EBF005E563F /* Project object */;
}
